# This file is autogenerated, do not edit; changes may be undone by the next 'dep ensure'.


[[projects]]
  digest = "1:a6cbbfcdf06bd1bc9d7a13861f31e1f06ea2396f669726ab94980fd584930744"
  name = "github.com/99designs/gqlgen"
  packages = [
    "complexity",
    "graphql",
    "graphql/introspection",
    "handler",
    "opentracing",
  ]
  pruneopts = "UT"
  revision = "5bc4665fab378aa7fe6b81bef968ed608aad1477"
  version = "v0.5.0"

[[projects]]
  branch = "master"
  digest = "1:897d91c431ce469d35a5e6030e60e617dccd9a0e95bdffa6a80594f5c5800d29"
  name = "github.com/agnivade/levenshtein"
  packages = ["."]
  pruneopts = "UT"
  revision = "3d21ba515fe27b856f230847e856431ae1724adc"

[[projects]]
  digest = "1:2537bea8e6a4a90946bcd145cbdbd6f54d2dc263b3dee0ad96894e555a474f8b"
  name = "github.com/gogo/protobuf"
  packages = [
    "io",
    "proto",
  ]
  pruneopts = "UT"
  revision = "636bf0302bc95575d69441b25a2603156ffdddf1"
  version = "v1.1.1"

[[projects]]
  digest = "1:c79fb010be38a59d657c48c6ba1d003a8aa651fa56b579d959d74573b7dff8e1"
  name = "github.com/gorilla/context"
  packages = ["."]
  pruneopts = "UT"
  revision = "08b5f424b9271eedf6f9f0ce86cb9396ed337a42"
  version = "v1.1.1"

[[projects]]
  digest = "1:e73f5b0152105f18bc131fba127d9949305c8693f8a762588a82a48f61756f5f"
  name = "github.com/gorilla/mux"
  packages = ["."]
  pruneopts = "UT"
  revision = "e3702bed27f0d39777b0b37b664b6280e8ef8fbf"
  version = "v1.6.2"

[[projects]]
  digest = "1:43dd08a10854b2056e615d1b1d22ac94559d822e1f8b6fcc92c1a1057e85188e"
  name = "github.com/gorilla/websocket"
  packages = ["."]
  pruneopts = "UT"
  revision = "ea4d1f681babbce9545c9c5f3d5194a789c89f5b"
  version = "v1.2.0"

[[projects]]
  digest = "1:8ec8d88c248041a6df5f6574b87bc00e7e0b493881dad2e7ef47b11dc69093b5"
  name = "github.com/hashicorp/golang-lru"
  packages = [
    ".",
    "simplelru",
  ]
  pruneopts = "UT"
  revision = "20f1fb78b0740ba8c3cb143a61e86ba5c8669768"
  version = "v0.5.0"

[[projects]]
  digest = "1:d07bd28263c09c5d7f6502e8ddac63e027eca0eafcd07632790d958b50360317"
  name = "github.com/opentracing/basictracer-go"
  packages = [
    ".",
    "wire",
  ]
  pruneopts = "UT"
  revision = "1b32af207119a14b1b231d451df3ed04a72efebf"
  version = "v1.0.0"

[[projects]]
  digest = "1:450b7623b185031f3a456801155c8320209f75d0d4c4e633c6b1e59d44d6e392"
  name = "github.com/opentracing/opentracing-go"
  packages = [
    ".",
    "ext",
    "log",
  ]
  pruneopts = "UT"
  revision = "1949ddbfd147afd4d964a9f00b24eb291e0e7c38"
  version = "v1.0.2"

[[projects]]
  branch = "master"
  digest = "1:7ca2584fa7da0520cd2d1136a10194fe5a5b220bdb215074ab6f7b5ad91115f4"
  name = "github.com/shurcooL/httpfs"
  packages = ["vfsutil"]
  pruneopts = "UT"
  revision = "809beceb23714880abc4a382a00c05f89d13b1cc"

[[projects]]
  branch = "master"
  digest = "1:f5fa9076774066f105988b379a75f90e07a905a232c73c5722da9ab42f7424fe"
  name = "github.com/shurcooL/vfsgen"
  packages = ["."]
  pruneopts = "UT"
  revision = "12c1e538e8c6d4445816c38e2ac9c233619bd838"

[[projects]]
  branch = "master"
  digest = "1:b6e9876e0935b7252ef00a6cb3bdd4c3c26d76a53223a5de8c37487dcdf50225"
  name = "github.com/vektah/gqlparser"
  packages = [
    ".",
    "ast",
    "gqlerror",
    "lexer",
    "parser",
    "validator",
    "validator/rules",
  ]
  pruneopts = "UT"
  revision = "04021c23cb3810632117e34c3e0e3d415a202c63"

[[projects]]
  branch = "master"
  digest = "1:76ee51c3f468493aff39dbacc401e8831fbb765104cbf613b89bef01cf4bad70"
  name = "golang.org/x/net"
  packages = ["context"]
  pruneopts = "UT"
  revision = "161cd47e91fd58ac17490ef4d742dc98bb4cf60e"

[[projects]]
  branch = "master"
  digest = "1:3657d2aab4a1ba9582b6d1bb3d0e8527588b6a451c9df21b4446ece1432a2695"
  name = "sourcegraph.com/sourcegraph/appdash"
  packages = [
    ".",
    "httptrace",
    "internal/wire",
    "opentracing",
    "sqltrace",
    "traceapp",
    "traceapp/tmpl",
  ]
  pruneopts = "UT"
  revision = "4c381bd170b46de54530ae6170358c98fdaa515f"

[[projects]]
  branch = "master"
  digest = "1:8e0a2957fe342f22d70a543c3fcdf390f7627419c3d82d87ab4fd715a9ef5716"
  name = "sourcegraph.com/sourcegraph/appdash-data"
  packages = ["."]
  pruneopts = "UT"
  revision = "73f23eafcf67cad684fba328dd545a116ac273ff"

[solve-meta]
  analyzer-name = "dep"
  analyzer-version = 1
  input-imports = [
    "github.com/99designs/gqlgen/graphql",
    "github.com/99designs/gqlgen/graphql/introspection",
    "github.com/99designs/gqlgen/handler",
    "github.com/99designs/gqlgen/opentracing",
    "github.com/gorilla/websocket",
    "github.com/opentracing/opentracing-go",
    "github.com/vektah/gqlparser",
    "github.com/vektah/gqlparser/ast",
    "sourcegraph.com/sourcegraph/appdash",
    "sourcegraph.com/sourcegraph/appdash/opentracing",
    "sourcegraph.com/sourcegraph/appdash/traceapp",
  ]
  solver-name = "gps-cdcl"
  solver-version = 1
